// !$*UTF8*$!
{
	archiveVersion = 1;
	classes = {
	};
	objectVersion = 46;
	objects = {

/* Begin PBXBuildFile section */
		13B07FBD1A68108700A75B9A /* LaunchScreen.xib in Resources */ = {isa = PBXBuildFile; fileRef = 13B07FB11A68108700A75B9A /* LaunchScreen.xib */; };
		13B07FBF1A68108700A75B9A /* Images.xcassets in Resources */ = {isa = PBXBuildFile; fileRef = 13B07FB51A68108700A75B9A /* Images.xcassets */; };
		1A0B83DB22E09B2600EA1E51 /* Bundle in Resources */ = {isa = PBXBuildFile; fileRef = 1A0B83DA22E09B2500EA1E51 /* Bundle */; };
		50E219F2C10F3245B5974EDA /* libPods-nativeTemplate.a in Frameworks */ = {isa = PBXBuildFile; fileRef = 9D636E05099DDFB1F7BD7B2E /* libPods-nativeTemplate.a */; };
		EB55620C22E0755000E19C26 /* glyphicons-halflings-regular.ttf in Resources */ = {isa = PBXBuildFile; fileRef = EB55620B22E0755000E19C26 /* glyphicons-halflings-regular.ttf */; };
		EBC808FE22DF2EF4007E5F3D /* AppDelegate.swift in Sources */ = {isa = PBXBuildFile; fileRef = EBC808FD22DF2EF4007E5F3D /* AppDelegate.swift */; };
		EBC80D4222DF844E007E5F3D /* libMendix.a in Frameworks */ = {isa = PBXBuildFile; fileRef = EBC80D4022DF8445007E5F3D /* libMendix.a */; };
		ED297163215061F000B7C4FE /* JavaScriptCore.framework in Frameworks */ = {isa = PBXBuildFile; fileRef = ED297162215061F000B7C4FE /* JavaScriptCore.framework */; };
/* End PBXBuildFile section */

/* Begin PBXContainerItemProxy section */
		EBC80D3E22DF832C007E5F3D /* PBXContainerItemProxy */ = {
			isa = PBXContainerItemProxy;
			containerPortal = 2AA6AF40F7CE4AD2A6C8091F /* RNFirebase.xcodeproj */;
			proxyType = 2;
			remoteGlobalIDString = 134814201AA4EA6300B7C361;
			remoteInfo = RNFirebase;
		};
/* End PBXContainerItemProxy section */

/* Begin PBXFileReference section */
		031CB099149F42C896DDFF14 /* libRNSound.a */ = {isa = PBXFileReference; explicitFileType = undefined; fileEncoding = 9; includeInIndex = 0; lastKnownFileType = archive.ar; path = libRNSound.a; sourceTree = "<group>"; };
		08876E7DF67A4AC794C7EE66 /* libRNVectorIcons.a */ = {isa = PBXFileReference; explicitFileType = undefined; fileEncoding = 9; includeInIndex = 0; lastKnownFileType = archive.ar; path = libRNVectorIcons.a; sourceTree = "<group>"; };
		0CC161D97574495CBA0718B2 /* libRNCWebView.a */ = {isa = PBXFileReference; explicitFileType = undefined; fileEncoding = 9; includeInIndex = 0; lastKnownFileType = archive.ar; path = libRNCWebView.a; sourceTree = "<group>"; };
		0CF3117F20C7433D9FEAF8A0 /* libRNCAsyncStorage.a */ = {isa = PBXFileReference; explicitFileType = undefined; fileEncoding = 9; includeInIndex = 0; lastKnownFileType = archive.ar; path = libRNCAsyncStorage.a; sourceTree = "<group>"; };
		13B07F961A680F5B00A75B9A /* nativeTemplate.app */ = {isa = PBXFileReference; explicitFileType = wrapper.application; includeInIndex = 0; path = nativeTemplate.app; sourceTree = BUILT_PRODUCTS_DIR; };
		13B07FB21A68108700A75B9A /* Base */ = {isa = PBXFileReference; lastKnownFileType = file.xib; name = Base; path = Base.lproj/LaunchScreen.xib; sourceTree = "<group>"; };
		13B07FB51A68108700A75B9A /* Images.xcassets */ = {isa = PBXFileReference; lastKnownFileType = folder.assetcatalog; name = Images.xcassets; path = nativeTemplate/Images.xcassets; sourceTree = "<group>"; };
		13B07FB61A68108700A75B9A /* Info.plist */ = {isa = PBXFileReference; fileEncoding = 4; lastKnownFileType = text.plist.xml; name = Info.plist; path = nativeTemplate/Info.plist; sourceTree = "<group>"; };
		16D650A652844F27BB3C4223 /* libRNCNetInfo.a */ = {isa = PBXFileReference; explicitFileType = undefined; fileEncoding = 9; includeInIndex = 0; lastKnownFileType = archive.ar; path = libRNCNetInfo.a; sourceTree = "<group>"; };
		1A0B83DA22E09B2500EA1E51 /* Bundle */ = {isa = PBXFileReference; lastKnownFileType = folder; path = Bundle; sourceTree = "<group>"; };
		2550263C1FE84A1A9A703A86 /* libRNDeviceInfo.a */ = {isa = PBXFileReference; explicitFileType = undefined; fileEncoding = 9; includeInIndex = 0; lastKnownFileType = archive.ar; path = libRNDeviceInfo.a; sourceTree = "<group>"; };
		2AA6AF40F7CE4AD2A6C8091F /* RNFirebase.xcodeproj */ = {isa = PBXFileReference; explicitFileType = undefined; fileEncoding = 9; includeInIndex = 0; lastKnownFileType = "wrapper.pb-project"; name = RNFirebase.xcodeproj; path = "../node_modules/react-native-firebase/ios/RNFirebase.xcodeproj"; sourceTree = "<group>"; };
		32B5455747694C88AA2DFD48 /* libRNSVG.a */ = {isa = PBXFileReference; explicitFileType = undefined; fileEncoding = 9; includeInIndex = 0; lastKnownFileType = archive.ar; path = libRNSVG.a; sourceTree = "<group>"; };
		3A50E1C430A9EB98E247701D /* Pods-nativeTemplate.debug.xcconfig */ = {isa = PBXFileReference; includeInIndex = 1; lastKnownFileType = text.xcconfig; name = "Pods-nativeTemplate.debug.xcconfig"; path = "Target Support Files/Pods-nativeTemplate/Pods-nativeTemplate.debug.xcconfig"; sourceTree = "<group>"; };
		3CC7C5E5478A448C879AEBD0 /* libRNImagePicker.a */ = {isa = PBXFileReference; explicitFileType = undefined; fileEncoding = 9; includeInIndex = 0; lastKnownFileType = archive.ar; path = libRNImagePicker.a; sourceTree = "<group>"; };
		55672D0F8815449AAD977490 /* libRNViewShot.a */ = {isa = PBXFileReference; explicitFileType = undefined; fileEncoding = 9; includeInIndex = 0; lastKnownFileType = archive.ar; path = libRNViewShot.a; sourceTree = "<group>"; };
		5BFCD200E3AF4F5FA3FF100E /* libRNInAppBrowser.a */ = {isa = PBXFileReference; explicitFileType = undefined; fileEncoding = 9; includeInIndex = 0; lastKnownFileType = archive.ar; path = libRNInAppBrowser.a; sourceTree = "<group>"; };
		63624AF3E65E4F2BA4598445 /* libAirMaps.a */ = {isa = PBXFileReference; explicitFileType = undefined; fileEncoding = 9; includeInIndex = 0; lastKnownFileType = archive.ar; path = libAirMaps.a; sourceTree = "<group>"; };
		7EEDF4024CB6865C31DBA5BB /* Pods-nativeTemplate.release.xcconfig */ = {isa = PBXFileReference; includeInIndex = 1; lastKnownFileType = text.xcconfig; name = "Pods-nativeTemplate.release.xcconfig"; path = "Target Support Files/Pods-nativeTemplate/Pods-nativeTemplate.release.xcconfig"; sourceTree = "<group>"; };
		8E27A7C36A9A43B79008299C /* libRNCamera.a */ = {isa = PBXFileReference; explicitFileType = undefined; fileEncoding = 9; includeInIndex = 0; lastKnownFileType = archive.ar; path = libRNCamera.a; sourceTree = "<group>"; };
		90C70974624947DFB9EDE61C /* libBleClient.a */ = {isa = PBXFileReference; explicitFileType = undefined; fileEncoding = 9; includeInIndex = 0; lastKnownFileType = archive.ar; path = libBleClient.a; sourceTree = "<group>"; };
		9866529E7DBF484A9C512543 /* libRCTVideo.a */ = {isa = PBXFileReference; explicitFileType = undefined; fileEncoding = 9; includeInIndex = 0; lastKnownFileType = archive.ar; path = libRCTVideo.a; sourceTree = "<group>"; };
		9D636E05099DDFB1F7BD7B2E /* libPods-nativeTemplate.a */ = {isa = PBXFileReference; explicitFileType = archive.ar; includeInIndex = 0; path = "libPods-nativeTemplate.a"; sourceTree = BUILT_PRODUCTS_DIR; };
		A04C39A7E08D4A7FBEB6CAEE /* libSQLite.a */ = {isa = PBXFileReference; explicitFileType = undefined; fileEncoding = 9; includeInIndex = 0; lastKnownFileType = archive.ar; path = libSQLite.a; sourceTree = "<group>"; };
		B9D641133DBF4C5BA394BB6B /* libRNGeocoder.a */ = {isa = PBXFileReference; explicitFileType = undefined; fileEncoding = 9; includeInIndex = 0; lastKnownFileType = archive.ar; path = libRNGeocoder.a; sourceTree = "<group>"; };
		C9C7EBAF09CC468887B9F1EC /* libTouchID.a */ = {isa = PBXFileReference; explicitFileType = undefined; fileEncoding = 9; includeInIndex = 0; lastKnownFileType = archive.ar; path = libTouchID.a; sourceTree = "<group>"; };
		D16DCD7467084A59BF77CD6E /* libRNGestureHandler.a */ = {isa = PBXFileReference; explicitFileType = undefined; fileEncoding = 9; includeInIndex = 0; lastKnownFileType = archive.ar; path = libRNGestureHandler.a; sourceTree = "<group>"; };
		EB55620B22E0755000E19C26 /* glyphicons-halflings-regular.ttf */ = {isa = PBXFileReference; lastKnownFileType = file; path = "glyphicons-halflings-regular.ttf"; sourceTree = "<group>"; };
		EBC8081722DF1844007E5F3D /* NativeTemplate-Bridging-Header.h */ = {isa = PBXFileReference; lastKnownFileType = sourcecode.c.h; path = "NativeTemplate-Bridging-Header.h"; sourceTree = "<group>"; };
		EBC808FD22DF2EF4007E5F3D /* AppDelegate.swift */ = {isa = PBXFileReference; lastKnownFileType = sourcecode.swift; path = AppDelegate.swift; sourceTree = "<group>"; };
		EBC809C322DF383C007E5F3D /* x86_64.swiftdoc */ = {isa = PBXFileReference; lastKnownFileType = file; path = x86_64.swiftdoc; sourceTree = "<group>"; };
		EBC809C422DF383C007E5F3D /* arm64.swiftmodule */ = {isa = PBXFileReference; lastKnownFileType = file; path = arm64.swiftmodule; sourceTree = "<group>"; };
		EBC809C522DF383C007E5F3D /* x86_64.swiftmodule */ = {isa = PBXFileReference; lastKnownFileType = file; path = x86_64.swiftmodule; sourceTree = "<group>"; };
		EBC809C622DF383C007E5F3D /* arm.swiftdoc */ = {isa = PBXFileReference; lastKnownFileType = file; path = arm.swiftdoc; sourceTree = "<group>"; };
		EBC809C722DF383C007E5F3D /* arm.swiftmodule */ = {isa = PBXFileReference; lastKnownFileType = file; path = arm.swiftmodule; sourceTree = "<group>"; };
		EBC809C822DF383C007E5F3D /* armv7.swiftdoc */ = {isa = PBXFileReference; lastKnownFileType = file; path = armv7.swiftdoc; sourceTree = "<group>"; };
		EBC809C922DF383C007E5F3D /* arm64.swiftdoc */ = {isa = PBXFileReference; lastKnownFileType = file; path = arm64.swiftdoc; sourceTree = "<group>"; };
		EBC809CA22DF383C007E5F3D /* armv7.swiftmodule */ = {isa = PBXFileReference; lastKnownFileType = file; path = armv7.swiftmodule; sourceTree = "<group>"; };
		EBC80A6022DF4205007E5F3D /* config.debug.xcconfig */ = {isa = PBXFileReference; lastKnownFileType = text.xcconfig; path = config.debug.xcconfig; sourceTree = "<group>"; };
		EBC80A6122DF42DF007E5F3D /* config.release.xcconfig */ = {isa = PBXFileReference; lastKnownFileType = text.xcconfig; path = config.release.xcconfig; sourceTree = "<group>"; };
		EBC80D4022DF8445007E5F3D /* libMendix.a */ = {isa = PBXFileReference; lastKnownFileType = archive.ar; path = libMendix.a; sourceTree = "<group>"; };
		ED297162215061F000B7C4FE /* JavaScriptCore.framework */ = {isa = PBXFileReference; lastKnownFileType = wrapper.framework; name = JavaScriptCore.framework; path = System/Library/Frameworks/JavaScriptCore.framework; sourceTree = SDKROOT; };
		ED2971642150620600B7C4FE /* JavaScriptCore.framework */ = {isa = PBXFileReference; lastKnownFileType = wrapper.framework; name = JavaScriptCore.framework; path = Platforms/AppleTVOS.platform/Developer/SDKs/AppleTVOS12.0.sdk/System/Library/Frameworks/JavaScriptCore.framework; sourceTree = DEVELOPER_DIR; };
		EEC8ECADFF304038BB260294 /* libRNCalendarEvents.a */ = {isa = PBXFileReference; explicitFileType = undefined; fileEncoding = 9; includeInIndex = 0; lastKnownFileType = archive.ar; path = libRNCalendarEvents.a; sourceTree = "<group>"; };
		EF85FFE53A734C49A901ACDF /* libReactNativeNavigation.a */ = {isa = PBXFileReference; explicitFileType = undefined; fileEncoding = 9; includeInIndex = 0; lastKnownFileType = archive.ar; path = libReactNativeNavigation.a; sourceTree = "<group>"; };
		F0D08BECC5264B918CF67CB0 /* libRNFirebase.a */ = {isa = PBXFileReference; explicitFileType = undefined; fileEncoding = 9; includeInIndex = 0; lastKnownFileType = archive.ar; path = libRNFirebase.a; sourceTree = "<group>"; };
		FB41F7626BDC40D4AA7D23F6 /* ReactNativeNavigationTests.xctest */ = {isa = PBXFileReference; explicitFileType = undefined; fileEncoding = 9; includeInIndex = 0; lastKnownFileType = wrapper.cfbundle; path = ReactNativeNavigationTests.xctest; sourceTree = "<group>"; };
/* End PBXFileReference section */

/* Begin PBXFrameworksBuildPhase section */
		13B07F8C1A680F5B00A75B9A /* Frameworks */ = {
			isa = PBXFrameworksBuildPhase;
			buildActionMask = 2147483647;
			files = (
				EBC80D4222DF844E007E5F3D /* libMendix.a in Frameworks */,
				ED297163215061F000B7C4FE /* JavaScriptCore.framework in Frameworks */,
				50E219F2C10F3245B5974EDA /* libPods-nativeTemplate.a in Frameworks */,
			);
			runOnlyForDeploymentPostprocessing = 0;
		};
/* End PBXFrameworksBuildPhase section */

/* Begin PBXGroup section */
		13B07FAE1A68108700A75B9A /* NativeTemplate */ = {
			isa = PBXGroup;
			children = (
				1A0B83DA22E09B2500EA1E51 /* Bundle */,
				EBC80A5F22DF41DD007E5F3D /* Config */,
				13B07FB51A68108700A75B9A /* Images.xcassets */,
				13B07FB61A68108700A75B9A /* Info.plist */,
				13B07FB11A68108700A75B9A /* LaunchScreen.xib */,
				EBC808FD22DF2EF4007E5F3D /* AppDelegate.swift */,
			);
			name = NativeTemplate;
			sourceTree = "<group>";
		};
		2D16E6871FA4F8E400B85C8A /* Frameworks */ = {
			isa = PBXGroup;
			children = (
				EBC808E222DF20DD007E5F3D /* MendixNative */,
				ED297162215061F000B7C4FE /* JavaScriptCore.framework */,
				ED2971642150620600B7C4FE /* JavaScriptCore.framework */,
				9D636E05099DDFB1F7BD7B2E /* libPods-nativeTemplate.a */,
			);
			name = Frameworks;
			sourceTree = "<group>";
		};
		832341AE1AAA6A7D00B99B32 /* Libraries */ = {
			isa = PBXGroup;
			children = (
				2AA6AF40F7CE4AD2A6C8091F /* RNFirebase.xcodeproj */,
			);
			name = Libraries;
			sourceTree = "<group>";
		};
		83CBB9F61A601CBA00E9B192 = {
			isa = PBXGroup;
			children = (
				13B07FAE1A68108700A75B9A /* NativeTemplate */,
				832341AE1AAA6A7D00B99B32 /* Libraries */,
				83CBBA001A601CBA00E9B192 /* Products */,
				2D16E6871FA4F8E400B85C8A /* Frameworks */,
				A1EBC69BD21646E490B9229B /* Resources */,
				EBC8081722DF1844007E5F3D /* NativeTemplate-Bridging-Header.h */,
				ADF0073EA1EDDA0933D2FFE1 /* Pods */,
				EBC80CBA22DF6743007E5F3D /* Recovered References */,
			);
			indentWidth = 2;
			sourceTree = "<group>";
			tabWidth = 2;
			usesTabs = 0;
		};
		83CBBA001A601CBA00E9B192 /* Products */ = {
			isa = PBXGroup;
			children = (
				13B07F961A680F5B00A75B9A /* nativeTemplate.app */,
			);
			name = Products;
			sourceTree = "<group>";
		};
		A1EBC69BD21646E490B9229B /* Resources */ = {
			isa = PBXGroup;
			children = (
				EB55620A22E0755000E19C26 /* Fonts */,
			);
			name = Resources;
			sourceTree = "<group>";
		};
		ADF0073EA1EDDA0933D2FFE1 /* Pods */ = {
			isa = PBXGroup;
			children = (
				3A50E1C430A9EB98E247701D /* Pods-nativeTemplate.debug.xcconfig */,
				7EEDF4024CB6865C31DBA5BB /* Pods-nativeTemplate.release.xcconfig */,
			);
			path = Pods;
			sourceTree = "<group>";
		};
		EB55620A22E0755000E19C26 /* Fonts */ = {
			isa = PBXGroup;
			children = (
				EB55620B22E0755000E19C26 /* glyphicons-halflings-regular.ttf */,
			);
			path = Fonts;
			sourceTree = "<group>";
		};
		EBC808E222DF20DD007E5F3D /* MendixNative */ = {
			isa = PBXGroup;
			children = (
				EBC80D4022DF8445007E5F3D /* libMendix.a */,
				EBC809C222DF383C007E5F3D /* MendixNative.swiftmodule */,
			);
			path = MendixNative;
			sourceTree = "<group>";
		};
		EBC809C222DF383C007E5F3D /* MendixNative.swiftmodule */ = {
			isa = PBXGroup;
			children = (
				EBC809C322DF383C007E5F3D /* x86_64.swiftdoc */,
				EBC809C422DF383C007E5F3D /* arm64.swiftmodule */,
				EBC809C522DF383C007E5F3D /* x86_64.swiftmodule */,
				EBC809C622DF383C007E5F3D /* arm.swiftdoc */,
				EBC809C722DF383C007E5F3D /* arm.swiftmodule */,
				EBC809C822DF383C007E5F3D /* armv7.swiftdoc */,
				EBC809C922DF383C007E5F3D /* arm64.swiftdoc */,
				EBC809CA22DF383C007E5F3D /* armv7.swiftmodule */,
			);
			path = MendixNative.swiftmodule;
			sourceTree = "<group>";
		};
		EBC80A5F22DF41DD007E5F3D /* Config */ = {
			isa = PBXGroup;
			children = (
				EBC80A6022DF4205007E5F3D /* config.debug.xcconfig */,
				EBC80A6122DF42DF007E5F3D /* config.release.xcconfig */,
			);
			path = Config;
			sourceTree = "<group>";
		};
		EBC80CBA22DF6743007E5F3D /* Recovered References */ = {
			isa = PBXGroup;
			children = (
				0CF3117F20C7433D9FEAF8A0 /* libRNCAsyncStorage.a */,
				16D650A652844F27BB3C4223 /* libRNCNetInfo.a */,
				90C70974624947DFB9EDE61C /* libBleClient.a */,
				EEC8ECADFF304038BB260294 /* libRNCalendarEvents.a */,
				8E27A7C36A9A43B79008299C /* libRNCamera.a */,
				2550263C1FE84A1A9A703A86 /* libRNDeviceInfo.a */,
				F0D08BECC5264B918CF67CB0 /* libRNFirebase.a */,
				D16DCD7467084A59BF77CD6E /* libRNGestureHandler.a */,
				B9D641133DBF4C5BA394BB6B /* libRNGeocoder.a */,
				3CC7C5E5478A448C879AEBD0 /* libRNImagePicker.a */,
				5BFCD200E3AF4F5FA3FF100E /* libRNInAppBrowser.a */,
				63624AF3E65E4F2BA4598445 /* libAirMaps.a */,
				EF85FFE53A734C49A901ACDF /* libReactNativeNavigation.a */,
				FB41F7626BDC40D4AA7D23F6 /* ReactNativeNavigationTests.xctest */,
				031CB099149F42C896DDFF14 /* libRNSound.a */,
				A04C39A7E08D4A7FBEB6CAEE /* libSQLite.a */,
				32B5455747694C88AA2DFD48 /* libRNSVG.a */,
				C9C7EBAF09CC468887B9F1EC /* libTouchID.a */,
				08876E7DF67A4AC794C7EE66 /* libRNVectorIcons.a */,
				9866529E7DBF484A9C512543 /* libRCTVideo.a */,
				55672D0F8815449AAD977490 /* libRNViewShot.a */,
				0CC161D97574495CBA0718B2 /* libRNCWebView.a */,
			);
			name = "Recovered References";
			sourceTree = "<group>";
		};
		EBC80D3B22DF832C007E5F3D /* Products */ = {
			isa = PBXGroup;
			children = (
				EBC80D3F22DF832C007E5F3D /* libRNFirebase.a */,
			);
			name = Products;
			sourceTree = "<group>";
		};
/* End PBXGroup section */

/* Begin PBXNativeTarget section */
		13B07F861A680F5B00A75B9A /* nativeTemplate */ = {
			isa = PBXNativeTarget;
			buildConfigurationList = 13B07F931A680F5B00A75B9A /* Build configuration list for PBXNativeTarget "nativeTemplate" */;
			buildPhases = (
				9424FB93980FFC0182F8FB87 /* [CP] Check Pods Manifest.lock */,
				13B07F871A680F5B00A75B9A /* Sources */,
				13B07F8C1A680F5B00A75B9A /* Frameworks */,
				13B07F8E1A680F5B00A75B9A /* Resources */,
				00DD1BFF1BD5951E006B06BC /* Bundle React Native code and images */,
				E76B33B54A5C7944CC054730 /* [CP] Copy Pods Resources */,
			);
			buildRules = (
			);
			dependencies = (
			);
			name = nativeTemplate;
			productName = "Hello World";
			productReference = 13B07F961A680F5B00A75B9A /* nativeTemplate.app */;
			productType = "com.apple.product-type.application";
		};
/* End PBXNativeTarget section */

/* Begin PBXProject section */
		83CBB9F71A601CBA00E9B192 /* Project object */ = {
			isa = PBXProject;
			attributes = {
				LastUpgradeCheck = 940;
				ORGANIZATIONNAME = Facebook;
				TargetAttributes = {
					13B07F861A680F5B00A75B9A = {
						LastSwiftMigration = 1020;
					};
				};
			};
			buildConfigurationList = 83CBB9FA1A601CBA00E9B192 /* Build configuration list for PBXProject "nativeTemplate" */;
			compatibilityVersion = "Xcode 3.2";
			developmentRegion = English;
			hasScannedForEncodings = 0;
			knownRegions = (
				English,
				en,
				Base,
			);
			mainGroup = 83CBB9F61A601CBA00E9B192;
			productRefGroup = 83CBBA001A601CBA00E9B192 /* Products */;
			projectDirPath = "";
			projectReferences = (
				{
					ProductGroup = EBC80D3B22DF832C007E5F3D /* Products */;
					ProjectRef = 2AA6AF40F7CE4AD2A6C8091F /* RNFirebase.xcodeproj */;
				},
			);
			projectRoot = "";
			targets = (
				13B07F861A680F5B00A75B9A /* nativeTemplate */,
			);
		};
/* End PBXProject section */

/* Begin PBXReferenceProxy section */
		EBC80D3F22DF832C007E5F3D /* libRNFirebase.a */ = {
			isa = PBXReferenceProxy;
			fileType = archive.ar;
			path = libRNFirebase.a;
			remoteRef = EBC80D3E22DF832C007E5F3D /* PBXContainerItemProxy */;
			sourceTree = BUILT_PRODUCTS_DIR;
		};
/* End PBXReferenceProxy section */

/* Begin PBXResourcesBuildPhase section */
		13B07F8E1A680F5B00A75B9A /* Resources */ = {
			isa = PBXResourcesBuildPhase;
			buildActionMask = 2147483647;
			files = (
				1A0B83DB22E09B2600EA1E51 /* Bundle in Resources */,
				13B07FBF1A68108700A75B9A /* Images.xcassets in Resources */,
				13B07FBD1A68108700A75B9A /* LaunchScreen.xib in Resources */,
				EB55620C22E0755000E19C26 /* glyphicons-halflings-regular.ttf in Resources */,
			);
			runOnlyForDeploymentPostprocessing = 0;
		};
/* End PBXResourcesBuildPhase section */

/* Begin PBXShellScriptBuildPhase section */
		00DD1BFF1BD5951E006B06BC /* Bundle React Native code and images */ = {
			isa = PBXShellScriptBuildPhase;
			buildActionMask = 2147483647;
			files = (
			);
			inputPaths = (
			);
			name = "Bundle React Native code and images";
			outputPaths = (
			);
			runOnlyForDeploymentPostprocessing = 0;
			shellPath = /bin/sh;
			shellScript = "export NODE_BINARY=node\n../node_modules/react-native/scripts/react-native-xcode.sh\n";
		};
		9424FB93980FFC0182F8FB87 /* [CP] Check Pods Manifest.lock */ = {
			isa = PBXShellScriptBuildPhase;
			buildActionMask = 2147483647;
			files = (
			);
			inputFileListPaths = (
			);
			inputPaths = (
				"${PODS_PODFILE_DIR_PATH}/Podfile.lock",
				"${PODS_ROOT}/Manifest.lock",
			);
			name = "[CP] Check Pods Manifest.lock";
			outputFileListPaths = (
			);
			outputPaths = (
				"$(DERIVED_FILE_DIR)/Pods-nativeTemplate-checkManifestLockResult.txt",
			);
			runOnlyForDeploymentPostprocessing = 0;
			shellPath = /bin/sh;
			shellScript = "diff \"${PODS_PODFILE_DIR_PATH}/Podfile.lock\" \"${PODS_ROOT}/Manifest.lock\" > /dev/null\nif [ $? != 0 ] ; then\n    # print error to STDERR\n    echo \"error: The sandbox is not in sync with the Podfile.lock. Run 'pod install' or update your CocoaPods installation.\" >&2\n    exit 1\nfi\n# This output is used by Xcode 'outputs' to avoid re-running this script phase.\necho \"SUCCESS\" > \"${SCRIPT_OUTPUT_FILE_0}\"\n";
			showEnvVarsInLog = 0;
		};
		E76B33B54A5C7944CC054730 /* [CP] Copy Pods Resources */ = {
			isa = PBXShellScriptBuildPhase;
			buildActionMask = 2147483647;
			files = (
			);
			inputPaths = (
				"${PODS_ROOT}/Target Support Files/Pods-nativeTemplate/Pods-nativeTemplate-resources.sh",
				"${PODS_ROOT}/GoogleMaps/Maps/Frameworks/GoogleMaps.framework/Resources/GoogleMaps.bundle",
				"${PODS_CONFIGURATION_BUILD_DIR}/GoogleMobileVision/GoogleMVFaceDetectorResources.bundle",
				"${PODS_CONFIGURATION_BUILD_DIR}/GoogleMobileVision/GoogleMVTextDetectorResources.bundle",
			);
			name = "[CP] Copy Pods Resources";
			outputPaths = (
				"${TARGET_BUILD_DIR}/${UNLOCALIZED_RESOURCES_FOLDER_PATH}/GoogleMaps.bundle",
				"${TARGET_BUILD_DIR}/${UNLOCALIZED_RESOURCES_FOLDER_PATH}/GoogleMVFaceDetectorResources.bundle",
				"${TARGET_BUILD_DIR}/${UNLOCALIZED_RESOURCES_FOLDER_PATH}/GoogleMVTextDetectorResources.bundle",
			);
			runOnlyForDeploymentPostprocessing = 0;
			shellPath = /bin/sh;
			shellScript = "\"${PODS_ROOT}/Target Support Files/Pods-nativeTemplate/Pods-nativeTemplate-resources.sh\"\n";
			showEnvVarsInLog = 0;
		};
/* End PBXShellScriptBuildPhase section */

/* Begin PBXSourcesBuildPhase section */
		13B07F871A680F5B00A75B9A /* Sources */ = {
			isa = PBXSourcesBuildPhase;
			buildActionMask = 2147483647;
			files = (
				EBC808FE22DF2EF4007E5F3D /* AppDelegate.swift in Sources */,
			);
			runOnlyForDeploymentPostprocessing = 0;
		};
/* End PBXSourcesBuildPhase section */

/* Begin PBXVariantGroup section */
		13B07FB11A68108700A75B9A /* LaunchScreen.xib */ = {
			isa = PBXVariantGroup;
			children = (
				13B07FB21A68108700A75B9A /* Base */,
			);
			name = LaunchScreen.xib;
			path = nativeTemplate;
			sourceTree = "<group>";
		};
/* End PBXVariantGroup section */

/* Begin XCBuildConfiguration section */
		13B07F941A680F5B00A75B9A /* Debug */ = {
			isa = XCBuildConfiguration;
			baseConfigurationReference = 3A50E1C430A9EB98E247701D /* Pods-nativeTemplate.debug.xcconfig */;
			buildSettings = {
				ASSETCATALOG_COMPILER_APPICON_NAME = AppIcon;
				CLANG_ENABLE_MODULES = YES;
				CURRENT_PROJECT_VERSION = 1;
				DEAD_CODE_STRIPPING = NO;
				FRAMEWORK_SEARCH_PATHS = (
					"$(inherited)",
					"\"${PODS_ROOT}/FirebaseAnalytics/Frameworks\"",
					"\"${PODS_ROOT}/FirebaseInstanceID/Frameworks\"",
					"\"${PODS_ROOT}/FirebaseMLCommon/Frameworks\"",
					"\"${PODS_ROOT}/FirebaseMLVision/Frameworks\"",
					"\"${PODS_ROOT}/FirebaseMLVisionFaceModel/Frameworks\"",
					"\"${PODS_ROOT}/FirebaseMLVisionTextModel/Frameworks\"",
					"\"${PODS_ROOT}/GoogleAppMeasurement/Frameworks\"",
					"\"${PODS_ROOT}/GoogleMaps/Base/Frameworks\"",
					"\"${PODS_ROOT}/GoogleMaps/Maps/Frameworks\"",
					"\"${PODS_ROOT}/GoogleMobileVision/Detector/Frameworks\"",
					"\"${PODS_ROOT}/GoogleMobileVision/FaceDetector/Frameworks\"",
					"\"${PODS_ROOT}/GoogleMobileVision/TextDetector/Frameworks\"",
					"${SRCROOT}/MendixNative",
				);
				HEADER_SEARCH_PATHS = (
					"$(inherited)",
					"${SRCROOT}/MendixNative",
					"$(SRCROOT)/../node_modules/@react-native-community/async-storage/ios",
					"$(SRCROOT)/../node_modules/@react-native-community/netinfo/ios",
					"$(SRCROOT)/../node_modules/react-native-ble-plx/ios/**",
					"$(SRCROOT)/../node_modules/react-native-calendar-events",
					"$(SRCROOT)/../node_modules/react-native-camera/ios/**",
					"$(SRCROOT)/../node_modules/react-native-device-info/ios/RNDeviceInfo",
					"$(SRCROOT)/../node_modules/react-native-firebase/ios/RNFirebase/**",
					"$(SRCROOT)/../node_modules/react-native-gesture-handler/ios/**",
					"$(SRCROOT)/../node_modules/react-native-geocoder/ios/RNGeocoder",
					"$(SRCROOT)/../node_modules/react-native-image-picker/ios",
					"$(SRCROOT)/../node_modules/react-native-inappbrowser-reborn/ios/**",
					"$(SRCROOT)/../node_modules/react-native-maps/lib/ios/**",
					"$(SRCROOT)/../node_modules/react-native-navigation/lib/ios/**",
					"$(SRCROOT)/../node_modules/react-native-sound/RNSound",
					"$(SRCROOT)/../node_modules/react-native-sqlite-storage/src/ios",
					"$(SRCROOT)/../node_modules/react-native-svg/ios/**",
					"$(SRCROOT)/../node_modules/react-native-touch-id",
					"$(SRCROOT)/../node_modules/react-native-vector-icons/RNVectorIconsManager",
					"$(SRCROOT)/../node_modules/react-native-video/ios/**",
					"$(SRCROOT)/../node_modules/react-native-view-shot/ios",
					"$(SRCROOT)/../node_modules/react-native-webview/ios",
					"$(SRCROOT)/../node_modules/react-native-firebase/ios/RNFirebase/**",
				);
				INFOPLIST_FILE = nativeTemplate/Info.plist;
				IPHONEOS_DEPLOYMENT_TARGET = 10.0;
				LD_RUNPATH_SEARCH_PATHS = "$(inherited) @executable_path/Frameworks";
				LIBRARY_SEARCH_PATHS = (
					"$(inherited)",
					"${SRCROOT}/MendixNative",
					"$(PROJECT_DIR)/MendixNative",
					"\"$(SRCROOT)/NativeTemplate.temp_caseinsensitive_rename\"",
					"\"$(SRCROOT)/NativeTemplate.temp_caseinsensitive_rename\"",
					"\"$(SRCROOT)/NativeTemplate.temp_caseinsensitive_rename\"",
					"\"$(SRCROOT)/NativeTemplate.temp_caseinsensitive_rename\"",
					"\"$(SRCROOT)/NativeTemplate.temp_caseinsensitive_rename\"",
					"\"$(SRCROOT)/NativeTemplate.temp_caseinsensitive_rename\"",
					"\"$(SRCROOT)/NativeTemplate.temp_caseinsensitive_rename\"",
					"\"$(SRCROOT)/NativeTemplate.temp_caseinsensitive_rename\"",
					"\"$(SRCROOT)/NativeTemplate.temp_caseinsensitive_rename\"",
					"\"$(SRCROOT)/NativeTemplate.temp_caseinsensitive_rename\"",
					"\"$(SRCROOT)/NativeTemplate.temp_caseinsensitive_rename\"",
					"\"$(SRCROOT)/NativeTemplate.temp_caseinsensitive_rename\"",
					"\"$(SRCROOT)/NativeTemplate.temp_caseinsensitive_rename\"",
					"\"$(SRCROOT)/NativeTemplate.temp_caseinsensitive_rename\"",
					"\"$(SRCROOT)/NativeTemplate.temp_caseinsensitive_rename\"",
					"\"$(SRCROOT)/NativeTemplate.temp_caseinsensitive_rename\"",
					"\"$(SRCROOT)/NativeTemplate.temp_caseinsensitive_rename\"",
					"\"$(SRCROOT)/NativeTemplate.temp_caseinsensitive_rename\"",
					"\"$(SRCROOT)/NativeTemplate.temp_caseinsensitive_rename\"",
					"\"$(SRCROOT)/NativeTemplate.temp_caseinsensitive_rename\"",
					"\"$(SRCROOT)/NativeTemplate.temp_caseinsensitive_rename\"",
					"\"$(SRCROOT)/NativeTemplate.temp_caseinsensitive_rename\"",
				);
				OTHER_LDFLAGS = (
					"$(inherited)",
					"-ObjC",
					"-lc++",
				);
				PRODUCT_BUNDLE_IDENTIFIER = com.mendix.nativetemplate;
				PRODUCT_NAME = nativeTemplate;
				SWIFT_INCLUDE_PATHS = "$(inherited) \"${PODS_CONFIGURATION_BUILD_DIR}/react-native-ble-plx-swift\" ${SRCROOT}/MendixNative";
				SWIFT_OBJC_BRIDGING_HEADER = "NativeTemplate-Bridging-Header.h";
				SWIFT_OPTIMIZATION_LEVEL = "-Onone";
				SWIFT_VERSION = 4.0;
				VERSIONING_SYSTEM = "apple-generic";
			};
			name = Debug;
		};
		13B07F951A680F5B00A75B9A /* Release */ = {
			isa = XCBuildConfiguration;
			baseConfigurationReference = 7EEDF4024CB6865C31DBA5BB /* Pods-nativeTemplate.release.xcconfig */;
			buildSettings = {
				ASSETCATALOG_COMPILER_APPICON_NAME = AppIcon;
				CLANG_ENABLE_MODULES = YES;
				CURRENT_PROJECT_VERSION = 1;
				FRAMEWORK_SEARCH_PATHS = (
					"$(inherited)",
					"\"${PODS_ROOT}/FirebaseAnalytics/Frameworks\"",
					"\"${PODS_ROOT}/FirebaseInstanceID/Frameworks\"",
					"\"${PODS_ROOT}/FirebaseMLCommon/Frameworks\"",
					"\"${PODS_ROOT}/FirebaseMLVision/Frameworks\"",
					"\"${PODS_ROOT}/FirebaseMLVisionFaceModel/Frameworks\"",
					"\"${PODS_ROOT}/FirebaseMLVisionTextModel/Frameworks\"",
					"\"${PODS_ROOT}/GoogleAppMeasurement/Frameworks\"",
					"\"${PODS_ROOT}/GoogleMaps/Base/Frameworks\"",
					"\"${PODS_ROOT}/GoogleMaps/Maps/Frameworks\"",
					"\"${PODS_ROOT}/GoogleMobileVision/Detector/Frameworks\"",
					"\"${PODS_ROOT}/GoogleMobileVision/FaceDetector/Frameworks\"",
					"\"${PODS_ROOT}/GoogleMobileVision/TextDetector/Frameworks\"",
					"${SRCROOT}/MendixNative",
				);
				HEADER_SEARCH_PATHS = (
					"$(inherited)",
					"${SRCROOT}/MendixNative",
					"$(SRCROOT)/../node_modules/@react-native-community/async-storage/ios",
					"$(SRCROOT)/../node_modules/@react-native-community/netinfo/ios",
					"$(SRCROOT)/../node_modules/react-native-ble-plx/ios/**",
					"$(SRCROOT)/../node_modules/react-native-calendar-events",
					"$(SRCROOT)/../node_modules/react-native-camera/ios/**",
					"$(SRCROOT)/../node_modules/react-native-device-info/ios/RNDeviceInfo",
					"$(SRCROOT)/../node_modules/react-native-firebase/ios/RNFirebase/**",
					"$(SRCROOT)/../node_modules/react-native-gesture-handler/ios/**",
					"$(SRCROOT)/../node_modules/react-native-geocoder/ios/RNGeocoder",
					"$(SRCROOT)/../node_modules/react-native-image-picker/ios",
					"$(SRCROOT)/../node_modules/react-native-inappbrowser-reborn/ios/**",
					"$(SRCROOT)/../node_modules/react-native-maps/lib/ios/**",
					"$(SRCROOT)/../node_modules/react-native-navigation/lib/ios/**",
					"$(SRCROOT)/../node_modules/react-native-sound/RNSound",
					"$(SRCROOT)/../node_modules/react-native-sqlite-storage/src/ios",
					"$(SRCROOT)/../node_modules/react-native-svg/ios/**",
					"$(SRCROOT)/../node_modules/react-native-touch-id",
					"$(SRCROOT)/../node_modules/react-native-vector-icons/RNVectorIconsManager",
					"$(SRCROOT)/../node_modules/react-native-video/ios/**",
					"$(SRCROOT)/../node_modules/react-native-view-shot/ios",
					"$(SRCROOT)/../node_modules/react-native-webview/ios",
					"$(SRCROOT)/../node_modules/react-native-firebase/ios/RNFirebase/**",
				);
				INFOPLIST_FILE = nativeTemplate/Info.plist;
				IPHONEOS_DEPLOYMENT_TARGET = 10.0;
				LD_RUNPATH_SEARCH_PATHS = "$(inherited) @executable_path/Frameworks";
				LIBRARY_SEARCH_PATHS = (
					"$(inherited)",
					"${SRCROOT}/MendixNative",
					"$(PROJECT_DIR)/MendixNative",
					"\"$(SRCROOT)/NativeTemplate.temp_caseinsensitive_rename\"",
					"\"$(SRCROOT)/NativeTemplate.temp_caseinsensitive_rename\"",
					"\"$(SRCROOT)/NativeTemplate.temp_caseinsensitive_rename\"",
					"\"$(SRCROOT)/NativeTemplate.temp_caseinsensitive_rename\"",
					"\"$(SRCROOT)/NativeTemplate.temp_caseinsensitive_rename\"",
					"\"$(SRCROOT)/NativeTemplate.temp_caseinsensitive_rename\"",
					"\"$(SRCROOT)/NativeTemplate.temp_caseinsensitive_rename\"",
					"\"$(SRCROOT)/NativeTemplate.temp_caseinsensitive_rename\"",
					"\"$(SRCROOT)/NativeTemplate.temp_caseinsensitive_rename\"",
					"\"$(SRCROOT)/NativeTemplate.temp_caseinsensitive_rename\"",
					"\"$(SRCROOT)/NativeTemplate.temp_caseinsensitive_rename\"",
					"\"$(SRCROOT)/NativeTemplate.temp_caseinsensitive_rename\"",
					"\"$(SRCROOT)/NativeTemplate.temp_caseinsensitive_rename\"",
					"\"$(SRCROOT)/NativeTemplate.temp_caseinsensitive_rename\"",
					"\"$(SRCROOT)/NativeTemplate.temp_caseinsensitive_rename\"",
					"\"$(SRCROOT)/NativeTemplate.temp_caseinsensitive_rename\"",
					"\"$(SRCROOT)/NativeTemplate.temp_caseinsensitive_rename\"",
					"\"$(SRCROOT)/NativeTemplate.temp_caseinsensitive_rename\"",
					"\"$(SRCROOT)/NativeTemplate.temp_caseinsensitive_rename\"",
					"\"$(SRCROOT)/NativeTemplate.temp_caseinsensitive_rename\"",
					"\"$(SRCROOT)/NativeTemplate.temp_caseinsensitive_rename\"",
					"\"$(SRCROOT)/NativeTemplate.temp_caseinsensitive_rename\"",
				);
				OTHER_LDFLAGS = (
					"$(inherited)",
					"-ObjC",
					"-lc++",
				);
				PRODUCT_BUNDLE_IDENTIFIER = com.mendix.nativetemplate;
				PRODUCT_NAME = nativeTemplate;
				SWIFT_INCLUDE_PATHS = "$(inherited) \"${PODS_CONFIGURATION_BUILD_DIR}/react-native-ble-plx-swift\" ${PROJECT_DIR} ${SRCROOT}/MendixNative";
				SWIFT_OBJC_BRIDGING_HEADER = "NativeTemplate-Bridging-Header.h";
				SWIFT_VERSION = 4.0;
				VERSIONING_SYSTEM = "apple-generic";
			};
			name = Release;
		};
		83CBBA201A601CBA00E9B192 /* Debug */ = {
			isa = XCBuildConfiguration;
			baseConfigurationReference = EBC80A6022DF4205007E5F3D /* config.debug.xcconfig */;
			buildSettings = {
				ALWAYS_SEARCH_USER_PATHS = NO;
				CLANG_CXX_LANGUAGE_STANDARD = "gnu++0x";
				CLANG_CXX_LIBRARY = "libc++";
				CLANG_ENABLE_MODULES = YES;
				CLANG_ENABLE_OBJC_ARC = YES;
				CLANG_WARN_BLOCK_CAPTURE_AUTORELEASING = YES;
				CLANG_WARN_BOOL_CONVERSION = YES;
				CLANG_WARN_COMMA = YES;
				CLANG_WARN_CONSTANT_CONVERSION = YES;
				CLANG_WARN_DEPRECATED_OBJC_IMPLEMENTATIONS = YES;
				CLANG_WARN_DIRECT_OBJC_ISA_USAGE = YES_ERROR;
				CLANG_WARN_EMPTY_BODY = YES;
				CLANG_WARN_ENUM_CONVERSION = YES;
				CLANG_WARN_INFINITE_RECURSION = YES;
				CLANG_WARN_INT_CONVERSION = YES;
				CLANG_WARN_NON_LITERAL_NULL_CONVERSION = YES;
				CLANG_WARN_OBJC_IMPLICIT_RETAIN_SELF = YES;
				CLANG_WARN_OBJC_LITERAL_CONVERSION = YES;
				CLANG_WARN_OBJC_ROOT_CLASS = YES_ERROR;
				CLANG_WARN_RANGE_LOOP_ANALYSIS = YES;
				CLANG_WARN_STRICT_PROTOTYPES = YES;
				CLANG_WARN_SUSPICIOUS_MOVE = YES;
				CLANG_WARN_UNREACHABLE_CODE = YES;
				CLANG_WARN__DUPLICATE_METHOD_MATCH = YES;
				"CODE_SIGN_IDENTITY[sdk=iphoneos*]" = "iPhone Developer";
				COPY_PHASE_STRIP = NO;
				ENABLE_STRICT_OBJC_MSGSEND = YES;
				ENABLE_TESTABILITY = YES;
				GCC_C_LANGUAGE_STANDARD = gnu99;
				GCC_DYNAMIC_NO_PIC = NO;
				GCC_NO_COMMON_BLOCKS = YES;
				GCC_OPTIMIZATION_LEVEL = 0;
				GCC_PREPROCESSOR_DEFINITIONS = (
					"DEBUG=1",
					"$(inherited)",
				);
				GCC_SYMBOLS_PRIVATE_EXTERN = NO;
				GCC_WARN_64_TO_32_BIT_CONVERSION = YES;
				GCC_WARN_ABOUT_RETURN_TYPE = YES_ERROR;
				GCC_WARN_UNDECLARED_SELECTOR = YES;
				GCC_WARN_UNINITIALIZED_AUTOS = YES_AGGRESSIVE;
				GCC_WARN_UNUSED_FUNCTION = YES;
				GCC_WARN_UNUSED_VARIABLE = YES;
				IPHONEOS_DEPLOYMENT_TARGET = 10.0;
				MTL_ENABLE_DEBUG_INFO = YES;
				ONLY_ACTIVE_ARCH = YES;
				SDKROOT = iphoneos;
			};
			name = Debug;
		};
		83CBBA211A601CBA00E9B192 /* Release */ = {
			isa = XCBuildConfiguration;
			baseConfigurationReference = EBC80A6122DF42DF007E5F3D /* config.release.xcconfig */;
			buildSettings = {
				ALWAYS_SEARCH_USER_PATHS = NO;
				CLANG_CXX_LANGUAGE_STANDARD = "gnu++0x";
				CLANG_CXX_LIBRARY = "libc++";
				CLANG_ENABLE_MODULES = YES;
				CLANG_ENABLE_OBJC_ARC = YES;
				CLANG_WARN_BLOCK_CAPTURE_AUTORELEASING = YES;
				CLANG_WARN_BOOL_CONVERSION = YES;
				CLANG_WARN_COMMA = YES;
				CLANG_WARN_CONSTANT_CONVERSION = YES;
				CLANG_WARN_DEPRECATED_OBJC_IMPLEMENTATIONS = YES;
				CLANG_WARN_DIRECT_OBJC_ISA_USAGE = YES_ERROR;
				CLANG_WARN_EMPTY_BODY = YES;
				CLANG_WARN_ENUM_CONVERSION = YES;
				CLANG_WARN_INFINITE_RECURSION = YES;
				CLANG_WARN_INT_CONVERSION = YES;
				CLANG_WARN_NON_LITERAL_NULL_CONVERSION = YES;
				CLANG_WARN_OBJC_IMPLICIT_RETAIN_SELF = YES;
				CLANG_WARN_OBJC_LITERAL_CONVERSION = YES;
				CLANG_WARN_OBJC_ROOT_CLASS = YES_ERROR;
				CLANG_WARN_RANGE_LOOP_ANALYSIS = YES;
				CLANG_WARN_STRICT_PROTOTYPES = YES;
				CLANG_WARN_SUSPICIOUS_MOVE = YES;
				CLANG_WARN_UNREACHABLE_CODE = YES;
				CLANG_WARN__DUPLICATE_METHOD_MATCH = YES;
				"CODE_SIGN_IDENTITY[sdk=iphoneos*]" = "iPhone Developer";
				COPY_PHASE_STRIP = YES;
				ENABLE_NS_ASSERTIONS = NO;
				ENABLE_STRICT_OBJC_MSGSEND = YES;
				GCC_C_LANGUAGE_STANDARD = gnu99;
				GCC_NO_COMMON_BLOCKS = YES;
				GCC_WARN_64_TO_32_BIT_CONVERSION = YES;
				GCC_WARN_ABOUT_RETURN_TYPE = YES_ERROR;
				GCC_WARN_UNDECLARED_SELECTOR = YES;
				GCC_WARN_UNINITIALIZED_AUTOS = YES_AGGRESSIVE;
				GCC_WARN_UNUSED_FUNCTION = YES;
				GCC_WARN_UNUSED_VARIABLE = YES;
				IPHONEOS_DEPLOYMENT_TARGET = 10.0;
				MTL_ENABLE_DEBUG_INFO = NO;
				SDKROOT = iphoneos;
				VALIDATE_PRODUCT = YES;
			};
			name = Release;
		};
/* End XCBuildConfiguration section */

/* Begin XCConfigurationList section */
		13B07F931A680F5B00A75B9A /* Build configuration list for PBXNativeTarget "nativeTemplate" */ = {
			isa = XCConfigurationList;
			buildConfigurations = (
				13B07F941A680F5B00A75B9A /* Debug */,
				13B07F951A680F5B00A75B9A /* Release */,
			);
			defaultConfigurationIsVisible = 0;
			defaultConfigurationName = Release;
		};
		83CBB9FA1A601CBA00E9B192 /* Build configuration list for PBXProject "nativeTemplate" */ = {
			isa = XCConfigurationList;
			buildConfigurations = (
				83CBBA201A601CBA00E9B192 /* Debug */,
				83CBBA211A601CBA00E9B192 /* Release */,
			);
			defaultConfigurationIsVisible = 0;
			defaultConfigurationName = Release;
		};
/* End XCConfigurationList section */
	};
	rootObject = 83CBB9F71A601CBA00E9B192 /* Project object */;
}
